<?xml version="1.0" encoding="UTF-8" standalone="yes" ?>
<CodeBlocks_project_file>
	<FileVersion major="1" minor="6" />
	<Project>
		<Option title="the_restoration" />
		<Option pch_mode="2" />
		<Option compiler="gcc" />
		<Build>
			<Target title="Debug">
				<Option output="bin/Debug/the_restoration" prefix_auto="1" extension_auto="1" />
				<Option object_output="obj/Debug/" />
				<Option type="1" />
				<Option compiler="gcc" />
				<Compiler>
					<Add option="-g" />
					<Add directory="include" />
					<Add directory="include/Players/" />
					<Add directory="include/Rooms/" />
					<Add directory="include/Shape" />
				</Compiler>
			</Target>
			<Target title="Release">
				<Option output="bin/Release/the_restoration" prefix_auto="1" extension_auto="1" />
				<Option object_output="obj/Release/" />
				<Option type="1" />
				<Option compiler="gcc" />
				<Compiler>
					<Add option="-O2" />
					<Add directory="include" />
					<Add directory="include/Players/" />
					<Add directory="include/Rooms/" />
					<Add directory="include/Shape" />
				</Compiler>
				<Linker>
					<Add option="-s" />
				</Linker>
			</Target>
		</Build>
		<Compiler>
			<Add option="-Wall" />
		</Compiler>
		<Linker>
			<Add option="-lSDL2" />
			<Add option="-lGL" />
			<Add option="-lGLEW" />
			<Add option="-I /home/timo/workspace/boost_1_70_0" />
		</Linker>
		<Unit filename="about.txt" />
		<Unit filename="include/GameLoop.h" />
		<Unit filename="include/InputManager.h" />
		<Unit filename="include/Lib/Texture.h" />
		<Unit filename="include/Lib/stb_image.h" />
		<Unit filename="include/Object.h" />
		<Unit filename="include/ObjectFactory.h" />
		<Unit filename="include/Players/TestGameObj.h" />
		<Unit filename="include/Rooms/Room.h" />
		<Unit filename="include/Rooms/TestRoom.h" />
		<Unit filename="include/Shape/Quad.h" />
		<Unit filename="main.cpp" />
		<Unit filename="src/GameLoop.cpp" />
		<Unit filename="src/InputManager.cpp" />
		<Unit filename="src/Lib/Texture.cpp" />
		<Unit filename="src/Lib/stb_image.c">
			<Option compilerVar="CC" />
		</Unit>
		<Unit filename="src/Object.cpp" />
		<Unit filename="src/ObjectFactory.cpp" />
		<Unit filename="src/Players/TestGameObj.cpp" />
		<Unit filename="src/Rooms/Room.cpp" />
		<Unit filename="src/Rooms/TestRoom.cpp" />
		<Unit filename="src/Shape/Quad.cpp" />
		<Extensions>
			<code_completion />
			<debugger />
		</Extensions>
	</Project>
</CodeBlocks_project_file>
