<?xml version="1.0" encoding="utf-8"?>
<Project ToolsVersion="4.0" xmlns="http://schemas.microsoft.com/developer/msbuild/2003">
  <ItemGroup>
    <Filter Include="Source Files">
      <UniqueIdentifier>{4FC737F1-C7A5-4376-A066-2A32D752A2FF}</UniqueIdentifier>
      <Extensions>cpp;c;cc;cxx;def;odl;idl;hpj;bat;asm;asmx</Extensions>
    </Filter>
    <Filter Include="Header Files">
      <UniqueIdentifier>{93995380-89BD-4b04-88EB-625FBE52EBFB}</UniqueIdentifier>
      <Extensions>h;hh;hpp;hxx;hm;inl;inc;xsd</Extensions>
    </Filter>
    <Filter Include="Resource Files">
      <UniqueIdentifier>{67DA6AB6-F800-4c08-8B7A-83BB121AAD01}</UniqueIdentifier>
      <Extensions>rc;ico;cur;bmp;dlg;rc2;rct;bin;rgs;gif;jpg;jpeg;jpe;resx;tiff;tif;png;wav;mfcribbon-ms</Extensions>
    </Filter>
    <Filter Include="Header Files\Shape">
      <UniqueIdentifier>{1501b751-8d5f-42a8-9902-d5c6f1006eb0}</UniqueIdentifier>
    </Filter>
    <Filter Include="Header Files\Lib">
      <UniqueIdentifier>{e2976510-83f4-4796-a557-b56319460415}</UniqueIdentifier>
    </Filter>
    <Filter Include="Header Files\Players">
      <UniqueIdentifier>{0de88963-1430-4626-9533-342ded4d8476}</UniqueIdentifier>
    </Filter>
    <Filter Include="Header Files\Rooms">
      <UniqueIdentifier>{e3928de8-cf17-4dc9-b2e1-4e42b537fda8}</UniqueIdentifier>
    </Filter>
    <Filter Include="Source Files\Lib">
      <UniqueIdentifier>{f91bcb3e-65fb-4908-915f-468b3bec5c29}</UniqueIdentifier>
    </Filter>
    <Filter Include="Source Files\Rooms">
      <UniqueIdentifier>{4baa02b8-4415-462e-aada-4c9ba28fe3d1}</UniqueIdentifier>
    </Filter>
    <Filter Include="Source Files\Players">
      <UniqueIdentifier>{2b7a93be-2136-45e0-a350-b44f197d22b2}</UniqueIdentifier>
    </Filter>
    <Filter Include="Source Files\Shape">
      <UniqueIdentifier>{c1a60771-985e-48f4-a112-e504bafa650b}</UniqueIdentifier>
    </Filter>
    <Filter Include="Source Files\Rooms\Cutscene">
      <UniqueIdentifier>{6adaa4b6-6525-4680-b984-3728019f87c5}</UniqueIdentifier>
    </Filter>
    <Filter Include="Header Files\Rooms\Cutscene">
      <UniqueIdentifier>{9e728549-b043-4051-9b67-0c825f7b8383}</UniqueIdentifier>
    </Filter>
    <Filter Include="Header Files\json">
      <UniqueIdentifier>{6960ffb3-e324-44a7-a0d4-3d46703d3f52}</UniqueIdentifier>
    </Filter>
  </ItemGroup>
  <ItemGroup>
    <ClInclude Include="..\include\defs.h">
      <Filter>Header Files</Filter>
    </ClInclude>
    <ClInclude Include="..\include\GameLoop.h">
      <Filter>Header Files</Filter>
    </ClInclude>
    <ClInclude Include="..\include\InputManager.h">
      <Filter>Header Files</Filter>
    </ClInclude>
    <ClInclude Include="..\include\Object.h">
      <Filter>Header Files</Filter>
    </ClInclude>
    <ClInclude Include="..\include\ObjectFactory.h">
      <Filter>Header Files</Filter>
    </ClInclude>
    <ClInclude Include="..\include\Shape\Quad.h">
      <Filter>Header Files\Shape</Filter>
    </ClInclude>
    <ClInclude Include="..\include\Rooms\TestRoom.h">
      <Filter>Header Files\Rooms</Filter>
    </ClInclude>
    <ClInclude Include="..\include\Rooms\Room.h">
      <Filter>Header Files\Rooms</Filter>
    </ClInclude>
    <ClInclude Include="..\include\Players\TestGameObj.h">
      <Filter>Header Files\Players</Filter>
    </ClInclude>
    <ClInclude Include="..\include\Players\Slant.h">
      <Filter>Header Files\Players</Filter>
    </ClInclude>
    <ClInclude Include="..\include\Players\Ground.h">
      <Filter>Header Files\Players</Filter>
    </ClInclude>
    <ClInclude Include="..\include\Lib\stb_image.h">
      <Filter>Header Files\Lib</Filter>
    </ClInclude>
    <ClInclude Include="..\include\Lib\Texture.h">
      <Filter>Header Files\Lib</Filter>
    </ClInclude>
    <ClInclude Include="..\include\Players\Hazard.h">
      <Filter>Header Files\Players</Filter>
    </ClInclude>
    <ClInclude Include="..\include\Players\TopSideCollGround.h">
      <Filter>Header Files\Players</Filter>
    </ClInclude>
    <ClInclude Include="..\include\Players\Entity.h">
      <Filter>Header Files\Players</Filter>
    </ClInclude>
    <ClInclude Include="..\include\Players\TestEnemy.h">
      <Filter>Header Files\Players</Filter>
    </ClInclude>
    <ClInclude Include="..\include\Players\MovingPlatGround.h">
      <Filter>Header Files\Players</Filter>
    </ClInclude>
    <ClInclude Include="..\include\Players\Textbox.h">
      <Filter>Header Files\Players</Filter>
    </ClInclude>
    <ClInclude Include="..\include\Players\Trigger.h">
      <Filter>Header Files\Players</Filter>
    </ClInclude>
    <ClInclude Include="..\include\Rooms\Cutscene\Cutscene.h">
      <Filter>Header Files\Rooms\Cutscene</Filter>
    </ClInclude>
    <ClInclude Include="..\include\Rooms\Cutscene\CutsceneObject.h">
      <Filter>Header Files\Rooms\Cutscene</Filter>
    </ClInclude>
    <ClInclude Include="..\include\Rooms\Cutscene\CutsceneSprite.h">
      <Filter>Header Files\Rooms\Cutscene</Filter>
    </ClInclude>
    <ClInclude Include="..\include\Base.h">
      <Filter>Header Files</Filter>
    </ClInclude>
    <ClInclude Include="..\include\Players\Npc.h">
      <Filter>Header Files</Filter>
    </ClInclude>
    <ClInclude Include="..\include\Rooms\TileSet.h">
      <Filter>Header Files\Rooms</Filter>
    </ClInclude>
    <ClInclude Include="..\include\json\json.h">
      <Filter>Header Files\json</Filter>
    </ClInclude>
    <ClInclude Include="..\include\json\json-forwards.h">
      <Filter>Header Files\json</Filter>
    </ClInclude>
    <ClInclude Include="..\include\Players\FuelIncreaserItem.h">
      <Filter>Header Files\Players</Filter>
    </ClInclude>
    <ClInclude Include="..\include\SerialManager.h">
      <Filter>Header Files</Filter>
    </ClInclude>
    <ClInclude Include="..\include\Players\TestMiniboss_Enemy.h">
      <Filter>Header Files\Players</Filter>
    </ClInclude>
    <ClInclude Include="..\include\Lib\SpriteSheetIO.h">
      <Filter>Header Files\Lib</Filter>
    </ClInclude>
  </ItemGroup>
  <ItemGroup>
    <ClCompile Include="..\src\Lib\Texture.cpp">
      <Filter>Source Files\Lib</Filter>
    </ClCompile>
    <ClCompile Include="..\src\Players\Ground.cpp">
      <Filter>Source Files\Players</Filter>
    </ClCompile>
    <ClCompile Include="..\src\Players\Slant.cpp">
      <Filter>Source Files\Players</Filter>
    </ClCompile>
    <ClCompile Include="..\src\Players\TestGameObj.cpp">
      <Filter>Source Files\Players</Filter>
    </ClCompile>
    <ClCompile Include="..\src\Rooms\Room.cpp">
      <Filter>Source Files\Rooms</Filter>
    </ClCompile>
    <ClCompile Include="..\src\Rooms\TestRoom.cpp">
      <Filter>Source Files\Rooms</Filter>
    </ClCompile>
    <ClCompile Include="..\src\Shape\Quad.cpp">
      <Filter>Source Files\Shape</Filter>
    </ClCompile>
    <ClCompile Include="..\src\GameLoop.cpp">
      <Filter>Source Files</Filter>
    </ClCompile>
    <ClCompile Include="..\src\InputManager.cpp">
      <Filter>Source Files</Filter>
    </ClCompile>
    <ClCompile Include="..\src\Object.cpp">
      <Filter>Source Files</Filter>
    </ClCompile>
    <ClCompile Include="..\src\ObjectFactory.cpp">
      <Filter>Source Files</Filter>
    </ClCompile>
    <ClCompile Include="..\main.cpp">
      <Filter>Source Files</Filter>
    </ClCompile>
    <ClCompile Include="..\src\Lib\stb_image.c">
      <Filter>Source Files\Lib</Filter>
    </ClCompile>
    <ClCompile Include="..\src\Players\Hazard.cpp">
      <Filter>Source Files\Players</Filter>
    </ClCompile>
    <ClCompile Include="..\src\Players\TopSideCollGround.cpp">
      <Filter>Source Files\Players</Filter>
    </ClCompile>
    <ClCompile Include="..\src\Players\Entity.cpp">
      <Filter>Source Files\Players</Filter>
    </ClCompile>
    <ClCompile Include="..\src\Players\TestEnemy.cpp">
      <Filter>Source Files\Players</Filter>
    </ClCompile>
    <ClCompile Include="..\src\Players\MovingPlatGround.cpp">
      <Filter>Source Files\Players</Filter>
    </ClCompile>
    <ClCompile Include="..\src\Rooms\Cutscene\Cutscene.cpp">
      <Filter>Source Files\Rooms\Cutscene</Filter>
    </ClCompile>
    <ClCompile Include="..\src\Rooms\Cutscene\CutsceneObject.cpp">
      <Filter>Source Files\Rooms\Cutscene</Filter>
    </ClCompile>
    <ClCompile Include="..\src\Rooms\Cutscene\CutsceneSprite.cpp">
      <Filter>Source Files\Rooms\Cutscene</Filter>
    </ClCompile>
    <ClCompile Include="..\src\Players\Textbox.cpp">
      <Filter>Source Files\Players</Filter>
    </ClCompile>
    <ClCompile Include="..\src\Players\Trigger.cpp">
      <Filter>Source Files\Players</Filter>
    </ClCompile>
    <ClCompile Include="..\src\Players\Npc.cpp">
      <Filter>Source Files</Filter>
    </ClCompile>
    <ClCompile Include="..\src\Rooms\TileSet.cpp">
      <Filter>Source Files\Rooms</Filter>
    </ClCompile>
    <ClCompile Include="..\src\jsoncpp.cpp">
      <Filter>Source Files</Filter>
    </ClCompile>
    <ClCompile Include="..\src\Players\FuelIncreaserItem.cpp">
      <Filter>Source Files\Players</Filter>
    </ClCompile>
    <ClCompile Include="..\src\Players\TestMiniboss_Enemy.cpp">
      <Filter>Source Files\Players</Filter>
    </ClCompile>
    <ClCompile Include="..\src\Lib\SpriteSheetIO.cpp">
      <Filter>Source Files\Lib</Filter>
    </ClCompile>
  </ItemGroup>
</Project>